
Microsoft Visual Studio Solution File, Format Version 12.00
# Visual Studio Version 17
VisualStudioVersion = 17.5.002.0
MinimumVisualStudioVersion = 10.0.40219.1
Project("{9A19103F-16F7-4668-BE54-9A1E7A4F7556}") = "Fundamentos.C#", "Fundamentos.C#.csproj", "{4A4DAA6B-749C-46B8-B6E6-49DB4EB64AFF}"
EndProject
Global
	GlobalSection(SolutionConfigurationPlatforms) = preSolution
		Debug|Any CPU = Debug|Any CPU
		Release|Any CPU = Release|Any CPU
	EndGlobalSection
	GlobalSection(ProjectConfigurationPlatforms) = postSolution
		{4A4DAA6B-749C-46B8-B6E6-49DB4EB64AFF}.Debug|Any CPU.ActiveCfg = Debug|Any CPU
		{4A4DAA6B-749C-46B8-B6E6-49DB4EB64AFF}.Debug|Any CPU.Build.0 = Debug|Any CPU
		{4A4DAA6B-749C-46B8-B6E6-49DB4EB64AFF}.Release|Any CPU.ActiveCfg = Release|Any CPU
		{4A4DAA6B-749C-46B8-B6E6-49DB4EB64AFF}.Release|Any CPU.Build.0 = Release|Any CPU
	EndGlobalSection
	GlobalSection(SolutionProperties) = preSolution
		HideSolutionNode = FALSE
	EndGlobalSection
	GlobalSection(ExtensibilityGlobals) = postSolution
		SolutionGuid = {DDFA91D2-D28A-43C8-A77A-761DC05D3B05}
	EndGlobalSection
EndGlobal
